#MicroXplorer Configuration settings - do not modify
ADC.ClockPrescaler=ADC_CLOCK_SYNC_PCLK_DIV4
ADC.IPParameters=SamplingTime,ClockPrescaler
ADC.SamplingTime=ADC_SAMPLETIME_79CYCLES_5
CRC.IPParameters=InputDataFormat
CRC.InputDataFormat=CRC_INPUTDATA_FORMAT_HALFWORDS
Dma.Request0=USART4_RX
Dma.Request1=USART4_TX
Dma.Request2=USART2_RX
Dma.Request3=USART5_RX
Dma.Request4=USART2_TX
Dma.Request5=USART1_RX
Dma.RequestsNb=6
Dma.USART1_RX.5.Direction=DMA_PERIPH_TO_MEMORY
Dma.USART1_RX.5.Instance=DMA1_Channel3
Dma.USART1_RX.5.MemDataAlignment=DMA_MDATAALIGN_BYTE
Dma.USART1_RX.5.MemInc=DMA_MINC_ENABLE
Dma.USART1_RX.5.Mode=DMA_NORMAL
Dma.USART1_RX.5.PeriphDataAlignment=DMA_PDATAALIGN_BYTE
Dma.USART1_RX.5.PeriphInc=DMA_PINC_DISABLE
Dma.USART1_RX.5.Priority=DMA_PRIORITY_LOW
Dma.USART1_RX.5.RequestParameters=Instance,Direction,PeriphInc,MemInc,PeriphDataAlignment,MemDataAlignment,Mode,Priority
Dma.USART2_RX.2.Direction=DMA_PERIPH_TO_MEMORY
Dma.USART2_RX.2.Instance=DMA1_Channel5
Dma.USART2_RX.2.MemDataAlignment=DMA_MDATAALIGN_BYTE
Dma.USART2_RX.2.MemInc=DMA_MINC_ENABLE
Dma.USART2_RX.2.Mode=DMA_NORMAL
Dma.USART2_RX.2.PeriphDataAlignment=DMA_PDATAALIGN_BYTE
Dma.USART2_RX.2.PeriphInc=DMA_PINC_DISABLE
Dma.USART2_RX.2.Priority=DMA_PRIORITY_LOW
Dma.USART2_RX.2.RequestParameters=Instance,Direction,PeriphInc,MemInc,PeriphDataAlignment,MemDataAlignment,Mode,Priority
Dma.USART2_TX.4.Direction=DMA_MEMORY_TO_PERIPH
Dma.USART2_TX.4.Instance=DMA1_Channel4
Dma.USART2_TX.4.MemDataAlignment=DMA_MDATAALIGN_BYTE
Dma.USART2_TX.4.MemInc=DMA_MINC_ENABLE
Dma.USART2_TX.4.Mode=DMA_NORMAL
Dma.USART2_TX.4.PeriphDataAlignment=DMA_PDATAALIGN_BYTE
Dma.USART2_TX.4.PeriphInc=DMA_PINC_DISABLE
Dma.USART2_TX.4.Priority=DMA_PRIORITY_LOW
Dma.USART2_TX.4.RequestParameters=Instance,Direction,PeriphInc,MemInc,PeriphDataAlignment,MemDataAlignment,Mode,Priority
Dma.USART4_RX.0.Direction=DMA_PERIPH_TO_MEMORY
Dma.USART4_RX.0.Instance=DMA1_Channel6
Dma.USART4_RX.0.MemDataAlignment=DMA_MDATAALIGN_BYTE
Dma.USART4_RX.0.MemInc=DMA_MINC_ENABLE
Dma.USART4_RX.0.Mode=DMA_NORMAL
Dma.USART4_RX.0.PeriphDataAlignment=DMA_PDATAALIGN_BYTE
Dma.USART4_RX.0.PeriphInc=DMA_PINC_DISABLE
Dma.USART4_RX.0.Priority=DMA_PRIORITY_LOW
Dma.USART4_RX.0.RequestParameters=Instance,Direction,PeriphInc,MemInc,PeriphDataAlignment,MemDataAlignment,Mode,Priority
Dma.USART4_TX.1.Direction=DMA_MEMORY_TO_PERIPH
Dma.USART4_TX.1.Instance=DMA1_Channel7
Dma.USART4_TX.1.MemDataAlignment=DMA_MDATAALIGN_BYTE
Dma.USART4_TX.1.MemInc=DMA_MINC_ENABLE
Dma.USART4_TX.1.Mode=DMA_NORMAL
Dma.USART4_TX.1.PeriphDataAlignment=DMA_PDATAALIGN_BYTE
Dma.USART4_TX.1.PeriphInc=DMA_PINC_DISABLE
Dma.USART4_TX.1.Priority=DMA_PRIORITY_LOW
Dma.USART4_TX.1.RequestParameters=Instance,Direction,PeriphInc,MemInc,PeriphDataAlignment,MemDataAlignment,Mode,Priority
Dma.USART5_RX.3.Direction=DMA_PERIPH_TO_MEMORY
Dma.USART5_RX.3.Instance=DMA1_Channel2
Dma.USART5_RX.3.MemDataAlignment=DMA_MDATAALIGN_BYTE
Dma.USART5_RX.3.MemInc=DMA_MINC_ENABLE
Dma.USART5_RX.3.Mode=DMA_NORMAL
Dma.USART5_RX.3.PeriphDataAlignment=DMA_PDATAALIGN_BYTE
Dma.USART5_RX.3.PeriphInc=DMA_PINC_DISABLE
Dma.USART5_RX.3.Priority=DMA_PRIORITY_LOW
Dma.USART5_RX.3.RequestParameters=Instance,Direction,PeriphInc,MemInc,PeriphDataAlignment,MemDataAlignment,Mode,Priority
File.Version=6
KeepUserPlacement=false
Mcu.Family=STM32L0
Mcu.IP0=ADC
Mcu.IP1=CRC
Mcu.IP10=USART2
Mcu.IP11=USART4
Mcu.IP12=USART5
Mcu.IP2=DMA
Mcu.IP3=NVIC
Mcu.IP4=RCC
Mcu.IP5=RTC
Mcu.IP6=SPI2
Mcu.IP7=SYS
Mcu.IP8=TIM6
Mcu.IP9=USART1
Mcu.IPNb=13
Mcu.Name=STM32L071C8Tx
Mcu.Package=LQFP48
Mcu.Pin0=PC14-OSC32_IN
Mcu.Pin1=PC15-OSC32_OUT
Mcu.Pin10=PB14
Mcu.Pin11=PB15
Mcu.Pin12=PA9
Mcu.Pin13=PA10
Mcu.Pin14=PA11
Mcu.Pin15=PA12
Mcu.Pin16=PA13
Mcu.Pin17=PA14
Mcu.Pin18=PA15
Mcu.Pin19=PB3
Mcu.Pin2=PA0
Mcu.Pin20=PB4
Mcu.Pin21=PB5
Mcu.Pin22=PB6
Mcu.Pin23=PB7
Mcu.Pin24=PB8
Mcu.Pin25=VP_CRC_VS_CRC
Mcu.Pin26=VP_RTC_VS_RTC_Activate
Mcu.Pin27=VP_RTC_VS_RTC_Calendar
Mcu.Pin28=VP_RTC_VS_RTC_WakeUp_intern
Mcu.Pin29=VP_SYS_VS_tim2
Mcu.Pin3=PA1
Mcu.Pin30=VP_TIM6_VS_ClockSourceINT
Mcu.Pin4=PA2
Mcu.Pin5=PA3
Mcu.Pin6=PA5
Mcu.Pin7=PB10
Mcu.Pin8=PB12
Mcu.Pin9=PB13
Mcu.PinsNb=31
Mcu.ThirdPartyNb=0
Mcu.UserConstants=
Mcu.UserName=STM32L071C8Tx
MxCube.Version=5.3.0
MxDb.Version=DB.5.0.30
NVIC.DMA1_Channel2_3_IRQn=true\:0\:0\:false\:false\:true\:false\:true
NVIC.DMA1_Channel4_5_6_7_IRQn=true\:0\:0\:false\:false\:true\:false\:true
NVIC.HardFault_IRQn=true\:0\:0\:false\:false\:true\:false\:false
NVIC.NonMaskableInt_IRQn=true\:0\:0\:false\:false\:true\:false\:false
NVIC.PendSV_IRQn=true\:0\:0\:false\:false\:true\:false\:false
NVIC.RTC_IRQn=true\:0\:0\:false\:false\:true\:true\:true
NVIC.SVC_IRQn=true\:0\:0\:false\:false\:true\:false\:false
NVIC.SysTick_IRQn=true\:0\:0\:false\:false\:true\:false\:true
NVIC.TIM2_IRQn=true\:0\:0\:false\:false\:true\:false\:true
NVIC.TIM6_IRQn=true\:0\:0\:false\:false\:true\:true\:true
NVIC.TimeBase=TIM2_IRQn
NVIC.TimeBaseIP=TIM2
NVIC.USART1_IRQn=true\:0\:0\:false\:false\:true\:true\:true
NVIC.USART2_IRQn=true\:0\:0\:false\:false\:true\:true\:true
NVIC.USART4_5_IRQn=true\:0\:0\:false\:false\:true\:true\:true
PA0.Locked=true
PA0.Mode=Asynchronous
PA0.Signal=USART4_TX
PA1.Locked=true
PA1.Mode=Asynchronous
PA1.Signal=USART4_RX
PA10.GPIOParameters=GPIO_PuPd
PA10.GPIO_PuPd=GPIO_PULLUP
PA10.Locked=true
PA10.Mode=Asynchronous
PA10.Signal=USART1_RX
PA11.GPIOParameters=GPIO_Label
PA11.GPIO_Label=UART1_NRE
PA11.Locked=true
PA11.Signal=GPIO_Output
PA12.Locked=true
PA12.Mode=Hardware Flow Control (RS485)
PA12.Signal=USART1_DE
PA13.Locked=true
PA13.Mode=Serial_Wire
PA13.Signal=SYS_SWDIO
PA14.Mode=Serial_Wire
PA14.Signal=SYS_SWCLK
PA15.GPIOParameters=GPIO_Label
PA15.GPIO_Label=PWR1_EN
PA15.Locked=true
PA15.Signal=GPIO_Output
PA2.Locked=true
PA2.Mode=Asynchronous
PA2.Signal=USART2_TX
PA3.Locked=true
PA3.Mode=Asynchronous
PA3.Signal=USART2_RX
PA5.GPIOParameters=GPIO_Label
PA5.GPIO_Label=AIN_BAT
PA5.Locked=true
PA5.Mode=IN5
PA5.Signal=ADC_IN5
PA9.Locked=true
PA9.Mode=Asynchronous
PA9.Signal=USART1_TX
PB10.GPIOParameters=GPIO_Label
PB10.GPIO_Label=VSEN
PB10.Locked=true
PB10.Signal=GPIO_Output
PB12.GPIOParameters=GPIO_Label
PB12.GPIO_Label=SPI2_NCS
PB12.Locked=true
PB12.Signal=GPIO_Output
PB13.Locked=true
PB13.Mode=Full_Duplex_Master
PB13.Signal=SPI2_SCK
PB14.Locked=true
PB14.Mode=Full_Duplex_Master
PB14.Signal=SPI2_MISO
PB15.Locked=true
PB15.Mode=Full_Duplex_Master
PB15.Signal=SPI2_MOSI
PB3.Locked=true
PB3.Mode=Asynchronous
PB3.Signal=USART5_TX
PB4.GPIOParameters=GPIO_PuPd
PB4.GPIO_PuPd=GPIO_NOPULL
PB4.Locked=true
PB4.Mode=Asynchronous
PB4.Signal=USART5_RX
PB5.Locked=true
PB5.Mode=Hardware Flow Control (RS485)
PB5.Signal=USART5_DE
PB6.GPIOParameters=GPIO_FM6,GPIO_Label
PB6.GPIO_FM6=__NULL
PB6.GPIO_Label=UART5_NRE
PB6.Locked=true
PB6.Signal=GPIO_Output
PB7.GPIOParameters=GPIO_Label
PB7.GPIO_Label=PWR2_EN
PB7.Locked=true
PB7.Signal=GPIO_Output
PB8.GPIOParameters=GPIO_Label,GPIO_ModeDefaultOutputPP
PB8.GPIO_Label=BRESET
PB8.GPIO_ModeDefaultOutputPP=GPIO_MODE_OUTPUT_OD
PB8.Locked=true
PB8.Signal=GPIO_Output
PC14-OSC32_IN.Mode=LSE-External-Oscillator
PC14-OSC32_IN.Signal=RCC_OSC32_IN
PC15-OSC32_OUT.Locked=true
PC15-OSC32_OUT.Mode=LSE-External-Oscillator
PC15-OSC32_OUT.Signal=RCC_OSC32_OUT
PCC.Checker=true
PCC.Line=STM32L0x1
PCC.MCU=STM32L071C8Tx
PCC.PartNumber=STM32L071C8Tx
PCC.Seq0=0
PCC.Series=STM32L0
PCC.Temperature=25
PCC.Vdd=3.0
PinOutPanel.RotationAngle=0
ProjectManager.AskForMigrate=true
ProjectManager.BackupPrevious=false
ProjectManager.CompilerOptimize=6
ProjectManager.ComputerToolchain=false
ProjectManager.CoupleFile=false
ProjectManager.CustomerFirmwarePackage=
ProjectManager.DefaultFWLocation=true
ProjectManager.DeletePrevious=true
ProjectManager.DeviceId=STM32L071C8Tx
ProjectManager.FirmwarePackage=STM32Cube FW_L0 V1.11.2
ProjectManager.FreePins=false
ProjectManager.HalAssertFull=false
ProjectManager.HeapSize=0x200
ProjectManager.KeepUserCode=true
ProjectManager.LastFirmware=true
ProjectManager.LibraryCopy=1
ProjectManager.MainLocation=Src
ProjectManager.NoMain=false
ProjectManager.PreviousToolchain=
ProjectManager.ProjectBuild=false
ProjectManager.ProjectFileName=SmartWaterBall_Cube_V2_TE.ioc
ProjectManager.ProjectName=SmartWaterBall_Cube_V2_TE
ProjectManager.StackSize=0x400
ProjectManager.TargetToolchain=STM32CubeIDE
ProjectManager.ToolChainLocation=
ProjectManager.UnderRoot=true
ProjectManager.functionlistsort=1-MX_GPIO_Init-GPIO-false-HAL-true,2-MX_DMA_Init-DMA-false-HAL-true,3-SystemClock_Config-RCC-false-HAL-false,4-MX_ADC_Init-ADC-false-HAL-true,5-MX_SPI2_Init-SPI2-false-HAL-true,6-MX_USART1_UART_Init-USART1-false-HAL-true,7-MX_USART2_UART_Init-USART2-false-HAL-true,8-MX_USART4_UART_Init-USART4-false-HAL-true,9-MX_USART5_UART_Init-USART5-false-HAL-true,10-MX_RTC_Init-RTC-false-HAL-true,11-MX_TIM6_Init-TIM6-false-HAL-true,12-MX_CRC_Init-CRC-false-HAL-true
RCC.AHBFreq_Value=4194000
RCC.APB1Freq_Value=4194000
RCC.APB1TimFreq_Value=4194000
RCC.APB2Freq_Value=4194000
RCC.APB2TimFreq_Value=4194000
RCC.FCLKCortexFreq_Value=4194000
RCC.FamilyName=M
RCC.HCLKFreq_Value=4194000
RCC.HSE_VALUE=8000000
RCC.HSI16_VALUE=16000000
RCC.HSI_VALUE=16000000
RCC.I2C1Freq_Value=4194000
RCC.I2C3Freq_Value=4194000
RCC.IPParameters=AHBFreq_Value,APB1Freq_Value,APB1TimFreq_Value,APB2Freq_Value,APB2TimFreq_Value,FCLKCortexFreq_Value,FamilyName,HCLKFreq_Value,HSE_VALUE,HSI16_VALUE,HSI_VALUE,I2C1Freq_Value,I2C3Freq_Value,LPTIMFreq_Value,LPUARTFreq_Value,LSI_VALUE,MCOPinFreq_Value,MSIClockRange,MSI_VALUE,PLLCLKFreq_Value,PLLDIV,PLLMUL,PWRFreq_Value,RTCFreq_Value,RTCHSEDivFreq_Value,SYSCLKFreq_VALUE,TIMFreq_Value,TimerFreq_Value,USART1Freq_Value,USART2Freq_Value,VCOOutputFreq_Value,WatchDogFreq_Value
RCC.LPTIMFreq_Value=4194000
RCC.LPUARTFreq_Value=4194000
RCC.LSI_VALUE=37000
RCC.MCOPinFreq_Value=4194000
RCC.MSIClockRange=RCC_MSIRANGE_6
RCC.MSI_VALUE=4194000
RCC.PLLCLKFreq_Value=16000000
RCC.PLLDIV=RCC_PLLDIV_4
RCC.PLLMUL=RCC_PLLMUL_4
RCC.PWRFreq_Value=4194000
RCC.RTCFreq_Value=37000
RCC.RTCHSEDivFreq_Value=4000000
RCC.SYSCLKFreq_VALUE=4194000
RCC.TIMFreq_Value=4194000
RCC.TimerFreq_Value=4194000
RCC.USART1Freq_Value=4194000
RCC.USART2Freq_Value=4194000
RCC.VCOOutputFreq_Value=64000000
RCC.WatchDogFreq_Value=37000
RTC.IPParameters=WakeUpClock-WakeUp,WakeUpCounter-WakeUp
RTC.WakeUpClock-WakeUp=RTC_WAKEUPCLOCK_CK_SPRE_16BITS
RTC.WakeUpCounter-WakeUp=65535
SPI2.BaudRatePrescaler=SPI_BAUDRATEPRESCALER_256
SPI2.CalculateBaudRate=16.382 KBits/s
SPI2.Direction=SPI_DIRECTION_2LINES
SPI2.IPParameters=VirtualType,Mode,Direction,CalculateBaudRate,BaudRatePrescaler
SPI2.Mode=SPI_MODE_MASTER
SPI2.VirtualType=VM_MASTER
TIM6.IPParameters=Prescaler,Period
TIM6.Period=50000
TIM6.Prescaler=16
USART1.BaudRate=9600
USART1.IPParameters=VirtualMode-Asynchronous,VirtualMode-Hardware Flow Control (RS485),UART_DEAssertionTime,UART_DEDeassertionTime,BaudRate
USART1.UART_DEAssertionTime=0
USART1.UART_DEDeassertionTime=0
USART1.VirtualMode-Asynchronous=VM_ASYNC
USART1.VirtualMode-Hardware\ Flow\ Control\ (RS485)=VM_ASYNC
USART2.IPParameters=VirtualMode-Asynchronous
USART2.VirtualMode-Asynchronous=VM_ASYNC
USART4.BaudRate=9600
USART4.IPParameters=VirtualMode-Asynchronous,BaudRate
USART4.VirtualMode-Asynchronous=VM_ASYNC
USART5.BaudRate=9600
USART5.IPParameters=VirtualMode-Asynchronous,VirtualMode-Hardware Flow Control (RS485),BaudRate,UART_DEAssertionTime,UART_DEDeassertionTime
USART5.UART_DEAssertionTime=0
USART5.UART_DEDeassertionTime=0
USART5.VirtualMode-Asynchronous=VM_ASYNC
USART5.VirtualMode-Hardware\ Flow\ Control\ (RS485)=VM_ASYNC
VP_CRC_VS_CRC.Mode=CRC_Activate
VP_CRC_VS_CRC.Signal=CRC_VS_CRC
VP_RTC_VS_RTC_Activate.Mode=RTC_Enabled
VP_RTC_VS_RTC_Activate.Signal=RTC_VS_RTC_Activate
VP_RTC_VS_RTC_Calendar.Mode=RTC_Calendar
VP_RTC_VS_RTC_Calendar.Signal=RTC_VS_RTC_Calendar
VP_RTC_VS_RTC_WakeUp_intern.Mode=WakeUp
VP_RTC_VS_RTC_WakeUp_intern.Signal=RTC_VS_RTC_WakeUp_intern
VP_SYS_VS_tim2.Mode=TIM2
VP_SYS_VS_tim2.Signal=SYS_VS_tim2
VP_TIM6_VS_ClockSourceINT.Mode=Enable_Timer
VP_TIM6_VS_ClockSourceINT.Signal=TIM6_VS_ClockSourceINT
board=custom
isbadioc=false
